// !$*UTF8*$!
{
	archiveVersion = 1;
	classes = {
	};
	objectVersion = 46;
	objects = {

/* Begin PBXBuildFile section */
		2B566EAF1DAE82C400C08DAC /* AppDelegate.swift in Sources */ = {isa = PBXBuildFile; fileRef = 2B566EAE1DAE82C400C08DAC /* AppDelegate.swift */; };
		2B566EB11DAE82C400C08DAC /* ViewController.swift in Sources */ = {isa = PBXBuildFile; fileRef = 2B566EB01DAE82C400C08DAC /* ViewController.swift */; };
		2B566EB41DAE82C400C08DAC /* Main.storyboard in Resources */ = {isa = PBXBuildFile; fileRef = 2B566EB21DAE82C400C08DAC /* Main.storyboard */; };
		2B566EB61DAE82C400C08DAC /* Assets.xcassets in Resources */ = {isa = PBXBuildFile; fileRef = 2B566EB51DAE82C400C08DAC /* Assets.xcassets */; };
		2B566EB91DAE82C400C08DAC /* LaunchScreen.storyboard in Resources */ = {isa = PBXBuildFile; fileRef = 2B566EB71DAE82C400C08DAC /* LaunchScreen.storyboard */; };
/* End PBXBuildFile section */

/* Begin PBXFileReference section */
		2B566EAB1DAE82C400C08DAC /* hw1IMAGEVIEW.app */ = {isa = PBXFileReference; explicitFileType = wrapper.application; includeInIndex = 0; path = hw1IMAGEVIEW.app; sourceTree = BUILT_PRODUCTS_DIR; };
		2B566EAE1DAE82C400C08DAC /* AppDelegate.swift */ = {isa = PBXFileReference; lastKnownFileType = sourcecode.swift; path = AppDelegate.swift; sourceTree = "<group>"; };
		2B566EB01DAE82C400C08DAC /* ViewController.swift */ = {isa = PBXFileReference; lastKnownFileType = sourcecode.swift; path = ViewController.swift; sourceTree = "<group>"; };
		2B566EB31DAE82C400C08DAC /* Base */ = {isa = PBXFileReference; lastKnownFileType = file.storyboard; name = Base; path = Base.lproj/Main.storyboard; sourceTree = "<group>"; };
		2B566EB51DAE82C400C08DAC /* Assets.xcassets */ = {isa = PBXFileReference; lastKnownFileType = folder.assetcatalog; path = Assets.xcassets; sourceTree = "<group>"; };
		2B566EB81DAE82C400C08DAC /* Base */ = {isa = PBXFileReference; lastKnownFileType = file.storyboard; name = Base; path = Base.lproj/LaunchScreen.storyboard; sourceTree = "<group>"; };
		2B566EBA1DAE82C400C08DAC /* Info.plist */ = {isa = PBXFileReference; lastKnownFileType = text.plist.xml; path = Info.plist; sourceTree = "<group>"; };
/* End PBXFileReference section */

/* Begin PBXFrameworksBuildPhase section */
		2B566EA81DAE82C400C08DAC /* Frameworks */ = {
			isa = PBXFrameworksBuildPhase;
			buildActionMask = 2147483647;
			files = (
			);
			runOnlyForDeploymentPostprocessing = 0;
		};
/* End PBXFrameworksBuildPhase section */

/* Begin PBXGroup section */
		2B566EA21DAE82C400C08DAC = {
			isa = PBXGroup;
			children = (
				2B566EAD1DAE82C400C08DAC /* hw1IMAGEVIEW */,
				2B566EAC1DAE82C400C08DAC /* Products */,
			);
			sourceTree = "<group>";
		};
		2B566EAC1DAE82C400C08DAC /* Products */ = {
			isa = PBXGroup;
			children = (
				2B566EAB1DAE82C400C08DAC /* hw1IMAGEVIEW.app */,
			);
			name = Products;
			sourceTree = "<group>";
		};
		2B566EAD1DAE82C400C08DAC /* hw1IMAGEVIEW */ = {
			isa = PBXGroup;
			children = (
				2B566EAE1DAE82C400C08DAC /* AppDelegate.swift */,
				2B566EB01DAE82C400C08DAC /* ViewController.swift */,
				2B566EB21DAE82C400C08DAC /* Main.storyboard */,
				2B566EB51DAE82C400C08DAC /* Assets.xcassets */,
				2B566EB71DAE82C400C08DAC /* LaunchScreen.storyboard */,
				2B566EBA1DAE82C400C08DAC /* Info.plist */,
			);
			path = hw1IMAGEVIEW;
			sourceTree = "<group>";
		};
/* End PBXGroup section */

/* Begin PBXNativeTarget section */
		2B566EAA1DAE82C400C08DAC /* hw1IMAGEVIEW */ = {
			isa = PBXNativeTarget;
			buildConfigurationList = 2B566EBD1DAE82C400C08DAC /* Build configuration list for PBXNativeTarget "hw1IMAGEVIEW" */;
			buildPhases = (
				2B566EA71DAE82C400C08DAC /* Sources */,
				2B566EA81DAE82C400C08DAC /* Frameworks */,
				2B566EA91DAE82C400C08DAC /* Resources */,
			);
			buildRules = (
			);
			dependencies = (
			);
			name = hw1IMAGEVIEW;
			productName = hw1IMAGEVIEW;
			productReference = 2B566EAB1DAE82C400C08DAC /* hw1IMAGEVIEW.app */;
			productType = "com.apple.product-type.application";
		};
/* End PBXNativeTarget section */

/* Begin PBXProject section */
		2B566EA31DAE82C400C08DAC /* Project object */ = {
			isa = PBXProject;
			attributes = {
				LastSwiftUpdateCheck = 0800;
				LastUpgradeCheck = 0800;
				ORGANIZATIONNAME = edward;
				TargetAttributes = {
					2B566EAA1DAE82C400C08DAC = {
						CreatedOnToolsVersion = 8.0;
						DevelopmentTeam = N8UC6232DY;
						ProvisioningStyle = Automatic;
					};
				};
			};
			buildConfigurationList = 2B566EA61DAE82C400C08DAC /* Build configuration list for PBXProject "hw1IMAGEVIEW" */;
			compatibilityVersion = "Xcode 3.2";
			developmentRegion = English;
			hasScannedForEncodings = 0;
			knownRegions = (
				en,
				Base,
			);
			mainGroup = 2B566EA21DAE82C400C08DAC;
			productRefGroup = 2B566EAC1DAE82C400C08DAC /* Products */;
			projectDirPath = "";
			projectRoot = "";
			targets = (
				2B566EAA1DAE82C400C08DAC /* hw1IMAGEVIEW */,
			);
		};
/* End PBXProject section */

/* Begin PBXResourcesBuildPhase section */
		2B566EA91DAE82C400C08DAC /* Resources */ = {
			isa = PBXResourcesBuildPhase;
			buildActionMask = 2147483647;
			files = (
				2B566EB91DAE82C400C08DAC /* LaunchScreen.storyboard in Resources */,
				2B566EB61DAE82C400C08DAC /* Assets.xcassets in Resources */,
				2B566EB41DAE82C400C08DAC /* Main.storyboard in Resources */,
			);
			runOnlyForDeploymentPostprocessing = 0;
		};
/* End PBXResourcesBuildPhase section */

/* Begin PBXSourcesBuildPhase section */
		2B566EA71DAE82C400C08DAC /* Sources */ = {
			isa = PBXSourcesBuildPhase;
			buildActionMask = 2147483647;
			files = (
				2B566EB11DAE82C400C08DAC /* ViewController.swift in Sources */,
				2B566EAF1DAE82C400C08DAC /* AppDelegate.swift in Sources */,
			);
			runOnlyForDeploymentPostprocessing = 0;
		};
/* End PBXSourcesBuildPhase section */

/* Begin PBXVariantGroup section */
		2B566EB21DAE82C400C08DAC /* Main.storyboard */ = {
			isa = PBXVariantGroup;
			children = (
				2B566EB31DAE82C400C08DAC /* Base */,
			);
			name = Main.storyboard;
			sourceTree = "<group>";
		};
		2B566EB71DAE82C400C08DAC /* LaunchScreen.storyboard */ = {
			isa = PBXVariantGroup;
			children = (
				2B566EB81DAE82C400C08DAC /* Base */,
			);
			name = LaunchScreen.storyboard;
			sourceTree = "<group>";
		};
/* End PBXVariantGroup section */

/* Begin XCBuildConfiguration section */
		2B566EBB1DAE82C400C08DAC /* Debug */ = {
			isa = XCBuildConfiguration;
			buildSettings = {
				ALWAYS_SEARCH_USER_PATHS = NO;
				CLANG_ANALYZER_NONNULL = YES;
				CLANG_CXX_LANGUAGE_STANDARD = "gnu++0x";
				CLANG_CXX_LIBRARY = "libc++";
				CLANG_ENABLE_MODULES = YES;
				CLANG_ENABLE_OBJC_ARC = YES;
				CLANG_WARN_BOOL_CONVERSION = YES;
				CLANG_WARN_CONSTANT_CONVERSION = YES;
				CLANG_WARN_DIRECT_OBJC_ISA_USAGE = YES_ERROR;
				CLANG_WARN_DOCUMENTATION_COMMENTS = YES;
				CLANG_WARN_EMPTY_BODY = YES;
				CLANG_WARN_ENUM_CONVERSION = YES;
				CLANG_WARN_INFINITE_RECURSION = YES;
				CLANG_WARN_INT_CONVERSION = YES;
				CLANG_WARN_OBJC_ROOT_CLASS = YES_ERROR;
				CLANG_WARN_SUSPICIOUS_MOVES = YES;
				CLANG_WARN_UNREACHABLE_CODE = YES;
				CLANG_WARN__DUPLICATE_METHOD_MATCH = YES;
				"CODE_SIGN_IDENTITY[sdk=iphoneos*]" = "iPhone Developer";
				COPY_PHASE_STRIP = NO;
				DEBUG_INFORMATION_FORMAT = dwarf;
				ENABLE_STRICT_OBJC_MSGSEND = YES;
				ENABLE_TESTABILITY = YES;
				GCC_C_LANGUAGE_STANDARD = gnu99;
				GCC_DYNAMIC_NO_PIC = NO;
				GCC_NO_COMMON_BLOCKS = YES;
				GCC_OPTIMIZATION_LEVEL = 0;
				GCC_PREPROCESSOR_DEFINITIONS = (
					"DEBUG=1",
					"$(inherited)",
				);
				GCC_WARN_64_TO_32_BIT_CONVERSION = YES;
				GCC_WARN_ABOUT_RETURN_TYPE = YES_ERROR;
				GCC_WARN_UNDECLARED_SELECTOR = YES;
				GCC_WARN_UNINITIALIZED_AUTOS = YES_AGGRESSIVE;
				GCC_WARN_UNUSED_FUNCTION = YES;
				GCC_WARN_UNUSED_VARIABLE = YES;
				IPHONEOS_DEPLOYMENT_TARGET = 10.0;
				MTL_ENABLE_DEBUG_INFO = YES;
				ONLY_ACTIVE_ARCH = YES;
				SDKROOT = iphoneos;
				SWIFT_ACTIVE_COMPILATION_CONDITIONS = DEBUG;
				SWIFT_OPTIMIZATION_LEVEL = "-Onone";
			};
			name = Debug;
		};
		2B566EBC1DAE82C400C08DAC /* Release */ = {
			isa = XCBuildConfiguration;
			buildSettings = {
				ALWAYS_SEARCH_USER_PATHS = NO;
				CLANG_ANALYZER_NONNULL = YES;
				CLANG_CXX_LANGUAGE_STANDARD = "gnu++0x";
				CLANG_CXX_LIBRARY = "libc++";
				CLANG_ENABLE_MODULES = YES;
				CLANG_ENABLE_OBJC_ARC = YES;
				CLANG_WARN_BOOL_CONVERSION = YES;
				CLANG_WARN_CONSTANT_CONVERSION = YES;
				CLANG_WARN_DIRECT_OBJC_ISA_USAGE = YES_ERROR;
				CLANG_WARN_DOCUMENTATION_COMMENTS = YES;
				CLANG_WARN_EMPTY_BODY = YES;
				CLANG_WARN_ENUM_CONVERSION = YES;
				CLANG_WARN_INFINITE_RECURSION = YES;
				CLANG_WARN_INT_CONVERSION = YES;
				CLANG_WARN_OBJC_ROOT_CLASS = YES_ERROR;
				CLANG_WARN_SUSPICIOUS_MOVES = YES;
				CLANG_WARN_UNREACHABLE_CODE = YES;
				CLANG_WARN__DUPLICATE_METHOD_MATCH = YES;
				"CODE_SIGN_IDENTITY[sdk=iphoneos*]" = "iPhone Developer";
				COPY_PHASE_STRIP = NO;
				DEBUG_INFORMATION_FORMAT = "dwarf-with-dsym";
				ENABLE_NS_ASSERTIONS = NO;
				ENABLE_STRICT_OBJC_MSGSEND = YES;
				GCC_C_LANGUAGE_STANDARD = gnu99;
				GCC_NO_COMMON_BLOCKS = YES;
				GCC_WARN_64_TO_32_BIT_CONVERSION = YES;
				GCC_WARN_ABOUT_RETURN_TYPE = YES_ERROR;
				GCC_WARN_UNDECLARED_SELECTOR = YES;
				GCC_WARN_UNINITIALIZED_AUTOS = YES_AGGRESSIVE;
				GCC_WARN_UNUSED_FUNCTION = YES;
				GCC_WARN_UNUSED_VARIABLE = YES;
				IPHONEOS_DEPLOYMENT_TARGET = 10.0;
				MTL_ENABLE_DEBUG_INFO = NO;
				SDKROOT = iphoneos;
				SWIFT_OPTIMIZATION_LEVEL = "-Owholemodule";
				VALIDATE_PRODUCT = YES;
			};
			name = Release;
		};
		2B566EBE1DAE82C400C08DAC /* Debug */ = {
			isa = XCBuildConfiguration;
			buildSettings = {
				ASSETCATALOG_COMPILER_APPICON_NAME = AppIcon;
				DEVELOPMENT_TEAM = N8UC6232DY;
				INFOPLIST_FILE = hw1IMAGEVIEW/Info.plist;
				LD_RUNPATH_SEARCH_PATHS = "$(inherited) @executable_path/Frameworks";
				PRODUCT_BUNDLE_IDENTIFIER = com.edward.hw1IMAGEVIEW;
				PRODUCT_NAME = "$(TARGET_NAME)";
				SWIFT_VERSION = 3.0;
			};
			name = Debug;
		};
		2B566EBF1DAE82C400C08DAC /* Release */ = {
			isa = XCBuildConfiguration;
			buildSettings = {
				ASSETCATALOG_COMPILER_APPICON_NAME = AppIcon;
				DEVELOPMENT_TEAM = N8UC6232DY;
				INFOPLIST_FILE = hw1IMAGEVIEW/Info.plist;
				LD_RUNPATH_SEARCH_PATHS = "$(inherited) @executable_path/Frameworks";
				PRODUCT_BUNDLE_IDENTIFIER = com.edward.hw1IMAGEVIEW;
				PRODUCT_NAME = "$(TARGET_NAME)";
				SWIFT_VERSION = 3.0;
			};
			name = Release;
		};
/* End XCBuildConfiguration section */

/* Begin XCConfigurationList section */
		2B566EA61DAE82C400C08DAC /* Build configuration list for PBXProject "hw1IMAGEVIEW" */ = {
			isa = XCConfigurationList;
			buildConfigurations = (
				2B566EBB1DAE82C400C08DAC /* Debug */,
				2B566EBC1DAE82C400C08DAC /* Release */,
			);
			defaultConfigurationIsVisible = 0;
			defaultConfigurationName = Release;
		};
		2B566EBD1DAE82C400C08DAC /* Build configuration list for PBXNativeTarget "hw1IMAGEVIEW" */ = {
			isa = XCConfigurationList;
			buildConfigurations = (
				2B566EBE1DAE82C400C08DAC /* Debug */,
				2B566EBF1DAE82C400C08DAC /* Release */,
			);
			defaultConfigurationIsVisible = 0;
		};
/* End XCConfigurationList section */
	};
	rootObject = 2B566EA31DAE82C400C08DAC /* Project object */;
}
